
Microsoft Visual Studio Solution File, Format Version 12.00
# Visual Studio Version 17
VisualStudioVersion = 17.6.33815.320
MinimumVisualStudioVersion = 10.0.40219.1
Project("{FAE04EC0-301F-11D3-BF4B-00C04F79EFBC}") = "CommodoreFontExtraction2", "CommodoreFontExtraction2\CommodoreFontExtraction2.csproj", "{A1151EC6-7294-454D-9DE0-4F722B5CF48B}"
EndProject
Global
	GlobalSection(SolutionConfigurationPlatforms) = preSolution
		Debug|Any CPU = Debug|Any CPU
		Release|Any CPU = Release|Any CPU
	EndGlobalSection
	GlobalSection(ProjectConfigurationPlatforms) = postSolution
		{A1151EC6-7294-454D-9DE0-4F722B5CF48B}.Debug|Any CPU.ActiveCfg = Debug|Any CPU
		{A1151EC6-7294-454D-9DE0-4F722B5CF48B}.Debug|Any CPU.Build.0 = Debug|Any CPU
		{A1151EC6-7294-454D-9DE0-4F722B5CF48B}.Release|Any CPU.ActiveCfg = Release|Any CPU
		{A1151EC6-7294-454D-9DE0-4F722B5CF48B}.Release|Any CPU.Build.0 = Release|Any CPU
	EndGlobalSection
	GlobalSection(SolutionProperties) = preSolution
		HideSolutionNode = FALSE
	EndGlobalSection
	GlobalSection(ExtensibilityGlobals) = postSolution
		SolutionGuid = {05B97014-D357-4769-B14A-07CDEF916C0F}
	EndGlobalSection
EndGlobal
